
Microsoft Visual Studio Solution File, Format Version 12.00
# Visual Studio Version 16
VisualStudioVersion = 16.0.31229.75
MinimumVisualStudioVersion = 10.0.40219.1
Project("{FAE04EC0-301F-11D3-BF4B-00C04F79EFBC}") = "BookLibrary", "BookLibrary\BookLibrary.csproj", "{234B0C0F-CC3A-48E8-90E7-19C1064A287F}"
EndProject
Global
	GlobalSection(SolutionConfigurationPlatforms) = preSolution
		Debug|Any CPU = Debug|Any CPU
		Release|Any CPU = Release|Any CPU
	EndGlobalSection
	GlobalSection(ProjectConfigurationPlatforms) = postSolution
		{234B0C0F-CC3A-48E8-90E7-19C1064A287F}.Debug|Any CPU.ActiveCfg = Debug|Any CPU
		{234B0C0F-CC3A-48E8-90E7-19C1064A287F}.Debug|Any CPU.Build.0 = Debug|Any CPU
		{234B0C0F-CC3A-48E8-90E7-19C1064A287F}.Release|Any CPU.ActiveCfg = Release|Any CPU
		{234B0C0F-CC3A-48E8-90E7-19C1064A287F}.Release|Any CPU.Build.0 = Release|Any CPU
	EndGlobalSection
	GlobalSection(SolutionProperties) = preSolution
		HideSolutionNode = FALSE
	EndGlobalSection
	GlobalSection(ExtensibilityGlobals) = postSolution
		SolutionGuid = {5FAF75D6-8EF9-4198-B663-70B803CB2CA5}
	EndGlobalSection
EndGlobal
